
Microsoft Visual Studio Solution File, Format Version 12.00
# Visual Studio 2017
Project("{FAE04EC0-301F-11D3-BF4B-00C04F79EFBC}") = "HideAndSeek_DataEdit", "HideAndSeek_DataEdit.csproj", "{2930EF2D-5969-AE99-2E49-3E710D839DAF}"
EndProject
Global
	GlobalSection(SolutionConfigurationPlatforms) = preSolution
		Debug|Any CPU = Debug|Any CPU
		Release|Any CPU = Release|Any CPU
	EndGlobalSection
	GlobalSection(ProjectConfigurationPlatforms) = postSolution
		{2930EF2D-5969-AE99-2E49-3E710D839DAF}.Debug|Any CPU.ActiveCfg = Debug|Any CPU
		{2930EF2D-5969-AE99-2E49-3E710D839DAF}.Debug|Any CPU.Build.0 = Debug|Any CPU
		{2930EF2D-5969-AE99-2E49-3E710D839DAF}.Release|Any CPU.ActiveCfg = Release|Any CPU
		{2930EF2D-5969-AE99-2E49-3E710D839DAF}.Release|Any CPU.Build.0 = Release|Any CPU
	EndGlobalSection
	GlobalSection(SolutionProperties) = preSolution
		HideSolutionNode = FALSE
	EndGlobalSection
EndGlobal
